// !$*UTF8*$!
{
	archiveVersion = 1;
	classes = {
	};
	objectVersion = 50;
	objects = {

/* Begin PBXBuildFile section */
		351C70CE25382B6D00EBC27C /* AppDelegate.swift in Sources */ = {isa = PBXBuildFile; fileRef = 351C70CD25382B6D00EBC27C /* AppDelegate.swift */; };
		351C70D025382B6D00EBC27C /* SceneDelegate.swift in Sources */ = {isa = PBXBuildFile; fileRef = 351C70CF25382B6D00EBC27C /* SceneDelegate.swift */; };
		351C70D225382B6D00EBC27C /* ViewController.swift in Sources */ = {isa = PBXBuildFile; fileRef = 351C70D125382B6D00EBC27C /* ViewController.swift */; };
		351C70D525382B6D00EBC27C /* Main.storyboard in Resources */ = {isa = PBXBuildFile; fileRef = 351C70D325382B6D00EBC27C /* Main.storyboard */; };
		351C70D725382B7100EBC27C /* Assets.xcassets in Resources */ = {isa = PBXBuildFile; fileRef = 351C70D625382B7100EBC27C /* Assets.xcassets */; };
		351C70DA25382B7100EBC27C /* LaunchScreen.storyboard in Resources */ = {isa = PBXBuildFile; fileRef = 351C70D825382B7100EBC27C /* LaunchScreen.storyboard */; };
		353DAEA8255541D100C3C187 /* LoginViewController.swift in Sources */ = {isa = PBXBuildFile; fileRef = 353DAEA7255541D100C3C187 /* LoginViewController.swift */; };
		353DAEAB255541F500C3C187 /* SignUpViewController.swift in Sources */ = {isa = PBXBuildFile; fileRef = 353DAEAA255541F500C3C187 /* SignUpViewController.swift */; };
		353DAEB625554A9900C3C187 /* TemplateTableCell.swift in Sources */ = {isa = PBXBuildFile; fileRef = 353DAEB425554A9900C3C187 /* TemplateTableCell.swift */; };
		353DAEB725554A9900C3C187 /* TemplateTableCell.xib in Resources */ = {isa = PBXBuildFile; fileRef = 353DAEB525554A9900C3C187 /* TemplateTableCell.xib */; };
		35649A12253EEBAD00BF5188 /* HomeViewController.swift in Sources */ = {isa = PBXBuildFile; fileRef = 35649A11253EEBAD00BF5188 /* HomeViewController.swift */; };
		35649A15253EEBD000BF5188 /* ProfileViewController.swift in Sources */ = {isa = PBXBuildFile; fileRef = 35649A14253EEBD000BF5188 /* ProfileViewController.swift */; };
/* End PBXBuildFile section */

/* Begin PBXFileReference section */
		351C70CA25382B6D00EBC27C /* Delicious.app */ = {isa = PBXFileReference; explicitFileType = wrapper.application; includeInIndex = 0; path = Delicious.app; sourceTree = BUILT_PRODUCTS_DIR; };
		351C70CD25382B6D00EBC27C /* AppDelegate.swift */ = {isa = PBXFileReference; lastKnownFileType = sourcecode.swift; path = AppDelegate.swift; sourceTree = "<group>"; };
		351C70CF25382B6D00EBC27C /* SceneDelegate.swift */ = {isa = PBXFileReference; lastKnownFileType = sourcecode.swift; path = SceneDelegate.swift; sourceTree = "<group>"; };
		351C70D125382B6D00EBC27C /* ViewController.swift */ = {isa = PBXFileReference; lastKnownFileType = sourcecode.swift; path = ViewController.swift; sourceTree = "<group>"; };
		351C70D425382B6D00EBC27C /* Base */ = {isa = PBXFileReference; lastKnownFileType = file.storyboard; name = Base; path = Base.lproj/Main.storyboard; sourceTree = "<group>"; };
		351C70D625382B7100EBC27C /* Assets.xcassets */ = {isa = PBXFileReference; lastKnownFileType = folder.assetcatalog; path = Assets.xcassets; sourceTree = "<group>"; };
		351C70D925382B7100EBC27C /* Base */ = {isa = PBXFileReference; lastKnownFileType = file.storyboard; name = Base; path = Base.lproj/LaunchScreen.storyboard; sourceTree = "<group>"; };
		351C70DB25382B7100EBC27C /* Info.plist */ = {isa = PBXFileReference; lastKnownFileType = text.plist.xml; path = Info.plist; sourceTree = "<group>"; };
		353DAEA7255541D100C3C187 /* LoginViewController.swift */ = {isa = PBXFileReference; lastKnownFileType = sourcecode.swift; path = LoginViewController.swift; sourceTree = "<group>"; };
		353DAEAA255541F500C3C187 /* SignUpViewController.swift */ = {isa = PBXFileReference; lastKnownFileType = sourcecode.swift; path = SignUpViewController.swift; sourceTree = "<group>"; };
		353DAEB425554A9900C3C187 /* TemplateTableCell.swift */ = {isa = PBXFileReference; lastKnownFileType = sourcecode.swift; path = TemplateTableCell.swift; sourceTree = "<group>"; };
		353DAEB525554A9900C3C187 /* TemplateTableCell.xib */ = {isa = PBXFileReference; lastKnownFileType = file.xib; path = TemplateTableCell.xib; sourceTree = "<group>"; };
		35649A11253EEBAD00BF5188 /* HomeViewController.swift */ = {isa = PBXFileReference; lastKnownFileType = sourcecode.swift; path = HomeViewController.swift; sourceTree = "<group>"; };
		35649A14253EEBD000BF5188 /* ProfileViewController.swift */ = {isa = PBXFileReference; lastKnownFileType = sourcecode.swift; path = ProfileViewController.swift; sourceTree = "<group>"; };
/* End PBXFileReference section */

/* Begin PBXFrameworksBuildPhase section */
		351C70C725382B6D00EBC27C /* Frameworks */ = {
			isa = PBXFrameworksBuildPhase;
			buildActionMask = 2147483647;
			files = (
			);
			runOnlyForDeploymentPostprocessing = 0;
		};
/* End PBXFrameworksBuildPhase section */

/* Begin PBXGroup section */
		351C70C125382B6D00EBC27C = {
			isa = PBXGroup;
			children = (
				351C70CC25382B6D00EBC27C /* Delicious */,
				351C70CB25382B6D00EBC27C /* Products */,
			);
			sourceTree = "<group>";
		};
		351C70CB25382B6D00EBC27C /* Products */ = {
			isa = PBXGroup;
			children = (
				351C70CA25382B6D00EBC27C /* Delicious.app */,
			);
			name = Products;
			sourceTree = "<group>";
		};
		351C70CC25382B6D00EBC27C /* Delicious */ = {
			isa = PBXGroup;
			children = (
				351C70CD25382B6D00EBC27C /* AppDelegate.swift */,
				351C70CF25382B6D00EBC27C /* SceneDelegate.swift */,
				351C70D125382B6D00EBC27C /* ViewController.swift */,
				351C70D325382B6D00EBC27C /* Main.storyboard */,
				353DAEB425554A9900C3C187 /* TemplateTableCell.swift */,
				353DAEB525554A9900C3C187 /* TemplateTableCell.xib */,
				353DAEAA255541F500C3C187 /* SignUpViewController.swift */,
				353DAEA7255541D100C3C187 /* LoginViewController.swift */,
				35649A14253EEBD000BF5188 /* ProfileViewController.swift */,
				35649A11253EEBAD00BF5188 /* HomeViewController.swift */,
				351C70D625382B7100EBC27C /* Assets.xcassets */,
				351C70D825382B7100EBC27C /* LaunchScreen.storyboard */,
				351C70DB25382B7100EBC27C /* Info.plist */,
			);
			path = Delicious;
			sourceTree = "<group>";
		};
/* End PBXGroup section */

/* Begin PBXNativeTarget section */
		351C70C925382B6D00EBC27C /* Delicious */ = {
			isa = PBXNativeTarget;
			buildConfigurationList = 351C70DE25382B7100EBC27C /* Build configuration list for PBXNativeTarget "Delicious" */;
			buildPhases = (
				351C70C625382B6D00EBC27C /* Sources */,
				351C70C725382B6D00EBC27C /* Frameworks */,
				351C70C825382B6D00EBC27C /* Resources */,
			);
			buildRules = (
			);
			dependencies = (
			);
			name = Delicious;
			productName = Delicious;
			productReference = 351C70CA25382B6D00EBC27C /* Delicious.app */;
			productType = "com.apple.product-type.application";
		};
/* End PBXNativeTarget section */

/* Begin PBXProject section */
		351C70C225382B6D00EBC27C /* Project object */ = {
			isa = PBXProject;
			attributes = {
				LastSwiftUpdateCheck = 1200;
				LastUpgradeCheck = 1200;
				TargetAttributes = {
					351C70C925382B6D00EBC27C = {
						CreatedOnToolsVersion = 12.0.1;
					};
				};
			};
			buildConfigurationList = 351C70C525382B6D00EBC27C /* Build configuration list for PBXProject "Delicious" */;
			compatibilityVersion = "Xcode 9.3";
			developmentRegion = en;
			hasScannedForEncodings = 0;
			knownRegions = (
				en,
				Base,
			);
			mainGroup = 351C70C125382B6D00EBC27C;
			productRefGroup = 351C70CB25382B6D00EBC27C /* Products */;
			projectDirPath = "";
			projectRoot = "";
			targets = (
				351C70C925382B6D00EBC27C /* Delicious */,
			);
		};
/* End PBXProject section */

/* Begin PBXResourcesBuildPhase section */
		351C70C825382B6D00EBC27C /* Resources */ = {
			isa = PBXResourcesBuildPhase;
			buildActionMask = 2147483647;
			files = (
				351C70DA25382B7100EBC27C /* LaunchScreen.storyboard in Resources */,
				351C70D725382B7100EBC27C /* Assets.xcassets in Resources */,
				353DAEB725554A9900C3C187 /* TemplateTableCell.xib in Resources */,
				351C70D525382B6D00EBC27C /* Main.storyboard in Resources */,
			);
			runOnlyForDeploymentPostprocessing = 0;
		};
/* End PBXResourcesBuildPhase section */

/* Begin PBXSourcesBuildPhase section */
		351C70C625382B6D00EBC27C /* Sources */ = {
			isa = PBXSourcesBuildPhase;
			buildActionMask = 2147483647;
			files = (
				353DAEA8255541D100C3C187 /* LoginViewController.swift in Sources */,
				353DAEAB255541F500C3C187 /* SignUpViewController.swift in Sources */,
				351C70D225382B6D00EBC27C /* ViewController.swift in Sources */,
				351C70CE25382B6D00EBC27C /* AppDelegate.swift in Sources */,
				35649A15253EEBD000BF5188 /* ProfileViewController.swift in Sources */,
				351C70D025382B6D00EBC27C /* SceneDelegate.swift in Sources */,
				353DAEB625554A9900C3C187 /* TemplateTableCell.swift in Sources */,
				35649A12253EEBAD00BF5188 /* HomeViewController.swift in Sources */,
			);
			runOnlyForDeploymentPostprocessing = 0;
		};
/* End PBXSourcesBuildPhase section */

/* Begin PBXVariantGroup section */
		351C70D325382B6D00EBC27C /* Main.storyboard */ = {
			isa = PBXVariantGroup;
			children = (
				351C70D425382B6D00EBC27C /* Base */,
			);
			name = Main.storyboard;
			sourceTree = "<group>";
		};
		351C70D825382B7100EBC27C /* LaunchScreen.storyboard */ = {
			isa = PBXVariantGroup;
			children = (
				351C70D925382B7100EBC27C /* Base */,
			);
			name = LaunchScreen.storyboard;
			sourceTree = "<group>";
		};
/* End PBXVariantGroup section */

/* Begin XCBuildConfiguration section */
		351C70DC25382B7100EBC27C /* Debug */ = {
			isa = XCBuildConfiguration;
			buildSettings = {
				ALWAYS_SEARCH_USER_PATHS = NO;
				CLANG_ANALYZER_NONNULL = YES;
				CLANG_ANALYZER_NUMBER_OBJECT_CONVERSION = YES_AGGRESSIVE;
				CLANG_CXX_LANGUAGE_STANDARD = "gnu++14";
				CLANG_CXX_LIBRARY = "libc++";
				CLANG_ENABLE_MODULES = YES;
				CLANG_ENABLE_OBJC_ARC = YES;
				CLANG_ENABLE_OBJC_WEAK = YES;
				CLANG_WARN_BLOCK_CAPTURE_AUTORELEASING = YES;
				CLANG_WARN_BOOL_CONVERSION = YES;
				CLANG_WARN_COMMA = YES;
				CLANG_WARN_CONSTANT_CONVERSION = YES;
				CLANG_WARN_DEPRECATED_OBJC_IMPLEMENTATIONS = YES;
				CLANG_WARN_DIRECT_OBJC_ISA_USAGE = YES_ERROR;
				CLANG_WARN_DOCUMENTATION_COMMENTS = YES;
				CLANG_WARN_EMPTY_BODY = YES;
				CLANG_WARN_ENUM_CONVERSION = YES;
				CLANG_WARN_INFINITE_RECURSION = YES;
				CLANG_WARN_INT_CONVERSION = YES;
				CLANG_WARN_NON_LITERAL_NULL_CONVERSION = YES;
				CLANG_WARN_OBJC_IMPLICIT_RETAIN_SELF = YES;
				CLANG_WARN_OBJC_LITERAL_CONVERSION = YES;
				CLANG_WARN_OBJC_ROOT_CLASS = YES_ERROR;
				CLANG_WARN_QUOTED_INCLUDE_IN_FRAMEWORK_HEADER = YES;
				CLANG_WARN_RANGE_LOOP_ANALYSIS = YES;
				CLANG_WARN_STRICT_PROTOTYPES = YES;
				CLANG_WARN_SUSPICIOUS_MOVE = YES;
				CLANG_WARN_UNGUARDED_AVAILABILITY = YES_AGGRESSIVE;
				CLANG_WARN_UNREACHABLE_CODE = YES;
				CLANG_WARN__DUPLICATE_METHOD_MATCH = YES;
				COPY_PHASE_STRIP = NO;
				DEBUG_INFORMATION_FORMAT = dwarf;
				ENABLE_STRICT_OBJC_MSGSEND = YES;
				ENABLE_TESTABILITY = YES;
				GCC_C_LANGUAGE_STANDARD = gnu11;
				GCC_DYNAMIC_NO_PIC = NO;
				GCC_NO_COMMON_BLOCKS = YES;
				GCC_OPTIMIZATION_LEVEL = 0;
				GCC_PREPROCESSOR_DEFINITIONS = (
					"DEBUG=1",
					"$(inherited)",
				);
				GCC_WARN_64_TO_32_BIT_CONVERSION = YES;
				GCC_WARN_ABOUT_RETURN_TYPE = YES_ERROR;
				GCC_WARN_UNDECLARED_SELECTOR = YES;
				GCC_WARN_UNINITIALIZED_AUTOS = YES_AGGRESSIVE;
				GCC_WARN_UNUSED_FUNCTION = YES;
				GCC_WARN_UNUSED_VARIABLE = YES;
				IPHONEOS_DEPLOYMENT_TARGET = 14.0;
				MTL_ENABLE_DEBUG_INFO = INCLUDE_SOURCE;
				MTL_FAST_MATH = YES;
				ONLY_ACTIVE_ARCH = YES;
				SDKROOT = iphoneos;
				SWIFT_ACTIVE_COMPILATION_CONDITIONS = DEBUG;
				SWIFT_OPTIMIZATION_LEVEL = "-Onone";
			};
			name = Debug;
		};
		351C70DD25382B7100EBC27C /* Release */ = {
			isa = XCBuildConfiguration;
			buildSettings = {
				ALWAYS_SEARCH_USER_PATHS = NO;
				CLANG_ANALYZER_NONNULL = YES;
				CLANG_ANALYZER_NUMBER_OBJECT_CONVERSION = YES_AGGRESSIVE;
				CLANG_CXX_LANGUAGE_STANDARD = "gnu++14";
				CLANG_CXX_LIBRARY = "libc++";
				CLANG_ENABLE_MODULES = YES;
				CLANG_ENABLE_OBJC_ARC = YES;
				CLANG_ENABLE_OBJC_WEAK = YES;
				CLANG_WARN_BLOCK_CAPTURE_AUTORELEASING = YES;
				CLANG_WARN_BOOL_CONVERSION = YES;
				CLANG_WARN_COMMA = YES;
				CLANG_WARN_CONSTANT_CONVERSION = YES;
				CLANG_WARN_DEPRECATED_OBJC_IMPLEMENTATIONS = YES;
				CLANG_WARN_DIRECT_OBJC_ISA_USAGE = YES_ERROR;
				CLANG_WARN_DOCUMENTATION_COMMENTS = YES;
				CLANG_WARN_EMPTY_BODY = YES;
				CLANG_WARN_ENUM_CONVERSION = YES;
				CLANG_WARN_INFINITE_RECURSION = YES;
				CLANG_WARN_INT_CONVERSION = YES;
				CLANG_WARN_NON_LITERAL_NULL_CONVERSION = YES;
				CLANG_WARN_OBJC_IMPLICIT_RETAIN_SELF = YES;
				CLANG_WARN_OBJC_LITERAL_CONVERSION = YES;
				CLANG_WARN_OBJC_ROOT_CLASS = YES_ERROR;
				CLANG_WARN_QUOTED_INCLUDE_IN_FRAMEWORK_HEADER = YES;
				CLANG_WARN_RANGE_LOOP_ANALYSIS = YES;
				CLANG_WARN_STRICT_PROTOTYPES = YES;
				CLANG_WARN_SUSPICIOUS_MOVE = YES;
				CLANG_WARN_UNGUARDED_AVAILABILITY = YES_AGGRESSIVE;
				CLANG_WARN_UNREACHABLE_CODE = YES;
				CLANG_WARN__DUPLICATE_METHOD_MATCH = YES;
				COPY_PHASE_STRIP = NO;
				DEBUG_INFORMATION_FORMAT = "dwarf-with-dsym";
				ENABLE_NS_ASSERTIONS = NO;
				ENABLE_STRICT_OBJC_MSGSEND = YES;
				GCC_C_LANGUAGE_STANDARD = gnu11;
				GCC_NO_COMMON_BLOCKS = YES;
				GCC_WARN_64_TO_32_BIT_CONVERSION = YES;
				GCC_WARN_ABOUT_RETURN_TYPE = YES_ERROR;
				GCC_WARN_UNDECLARED_SELECTOR = YES;
				GCC_WARN_UNINITIALIZED_AUTOS = YES_AGGRESSIVE;
				GCC_WARN_UNUSED_FUNCTION = YES;
				GCC_WARN_UNUSED_VARIABLE = YES;
				IPHONEOS_DEPLOYMENT_TARGET = 14.0;
				MTL_ENABLE_DEBUG_INFO = NO;
				MTL_FAST_MATH = YES;
				SDKROOT = iphoneos;
				SWIFT_COMPILATION_MODE = wholemodule;
				SWIFT_OPTIMIZATION_LEVEL = "-O";
				VALIDATE_PRODUCT = YES;
			};
			name = Release;
		};
		351C70DF25382B7100EBC27C /* Debug */ = {
			isa = XCBuildConfiguration;
			buildSettings = {
				ASSETCATALOG_COMPILER_APPICON_NAME = AppIcon;
				ASSETCATALOG_COMPILER_GLOBAL_ACCENT_COLOR_NAME = AccentColor;
				CODE_SIGN_STYLE = Automatic;
				DEVELOPMENT_TEAM = J766R82Z52;
				INFOPLIST_FILE = Delicious/Info.plist;
				LD_RUNPATH_SEARCH_PATHS = (
					"$(inherited)",
					"@executable_path/Frameworks",
				);
				PRODUCT_BUNDLE_IDENTIFIER = leokuyper.Delicious;
				PRODUCT_NAME = "$(TARGET_NAME)";
				SWIFT_VERSION = 5.0;
				TARGETED_DEVICE_FAMILY = "1,2";
			};
			name = Debug;
		};
		351C70E025382B7100EBC27C /* Release */ = {
			isa = XCBuildConfiguration;
			buildSettings = {
				ASSETCATALOG_COMPILER_APPICON_NAME = AppIcon;
				ASSETCATALOG_COMPILER_GLOBAL_ACCENT_COLOR_NAME = AccentColor;
				CODE_SIGN_STYLE = Automatic;
				DEVELOPMENT_TEAM = J766R82Z52;
				INFOPLIST_FILE = Delicious/Info.plist;
				LD_RUNPATH_SEARCH_PATHS = (
					"$(inherited)",
					"@executable_path/Frameworks",
				);
				PRODUCT_BUNDLE_IDENTIFIER = leokuyper.Delicious;
				PRODUCT_NAME = "$(TARGET_NAME)";
				SWIFT_VERSION = 5.0;
				TARGETED_DEVICE_FAMILY = "1,2";
			};
			name = Release;
		};
/* End XCBuildConfiguration section */

/* Begin XCConfigurationList section */
		351C70C525382B6D00EBC27C /* Build configuration list for PBXProject "Delicious" */ = {
			isa = XCConfigurationList;
			buildConfigurations = (
				351C70DC25382B7100EBC27C /* Debug */,
				351C70DD25382B7100EBC27C /* Release */,
			);
			defaultConfigurationIsVisible = 0;
			defaultConfigurationName = Release;
		};
		351C70DE25382B7100EBC27C /* Build configuration list for PBXNativeTarget "Delicious" */ = {
			isa = XCConfigurationList;
			buildConfigurations = (
				351C70DF25382B7100EBC27C /* Debug */,
				351C70E025382B7100EBC27C /* Release */,
			);
			defaultConfigurationIsVisible = 0;
			defaultConfigurationName = Release;
		};
/* End XCConfigurationList section */
	};
	rootObject = 351C70C225382B6D00EBC27C /* Project object */;
}
